
Microsoft Visual Studio Solution File, Format Version 12.00
# Visual Studio Version 17
VisualStudioVersion = 17.0.32014.148
MinimumVisualStudioVersion = 10.0.40219.1
Project("{FAE04EC0-301F-11D3-BF4B-00C04F79EFBC}") = "CosmosDb", "CosmosDb.csproj", "{EE1A0178-DDB1-4A17-B5B5-D599DD00D6F2}"
EndProject
Global
	GlobalSection(SolutionConfigurationPlatforms) = preSolution
		Debug|Any CPU = Debug|Any CPU
		Release|Any CPU = Release|Any CPU
	EndGlobalSection
	GlobalSection(ProjectConfigurationPlatforms) = postSolution
		{EE1A0178-DDB1-4A17-B5B5-D599DD00D6F2}.Debug|Any CPU.ActiveCfg = Debug|Any CPU
		{EE1A0178-DDB1-4A17-B5B5-D599DD00D6F2}.Debug|Any CPU.Build.0 = Debug|Any CPU
		{EE1A0178-DDB1-4A17-B5B5-D599DD00D6F2}.Release|Any CPU.ActiveCfg = Release|Any CPU
		{EE1A0178-DDB1-4A17-B5B5-D599DD00D6F2}.Release|Any CPU.Build.0 = Release|Any CPU
	EndGlobalSection
	GlobalSection(SolutionProperties) = preSolution
		HideSolutionNode = FALSE
	EndGlobalSection
	GlobalSection(ExtensibilityGlobals) = postSolution
		SolutionGuid = {E44EC695-114B-44B9-9203-100DABF9DDD9}
	EndGlobalSection
EndGlobal
